
Microsoft Visual Studio Solution File, Format Version 12.00
# Visual Studio Version 17
VisualStudioVersion = 17.1.32421.90
MinimumVisualStudioVersion = 10.0.40219.1
Project("{FAE04EC0-301F-11D3-BF4B-00C04F79EFBC}") = "sezar-sifre-son", "sezar-sifre-son\sezar-sifre-son.csproj", "{4DA7206C-9445-4CC0-981B-964ECDBD66F3}"
EndProject
Global
	GlobalSection(SolutionConfigurationPlatforms) = preSolution
		Debug|Any CPU = Debug|Any CPU
		Release|Any CPU = Release|Any CPU
	EndGlobalSection
	GlobalSection(ProjectConfigurationPlatforms) = postSolution
		{4DA7206C-9445-4CC0-981B-964ECDBD66F3}.Debug|Any CPU.ActiveCfg = Debug|Any CPU
		{4DA7206C-9445-4CC0-981B-964ECDBD66F3}.Debug|Any CPU.Build.0 = Debug|Any CPU
		{4DA7206C-9445-4CC0-981B-964ECDBD66F3}.Release|Any CPU.ActiveCfg = Release|Any CPU
		{4DA7206C-9445-4CC0-981B-964ECDBD66F3}.Release|Any CPU.Build.0 = Release|Any CPU
	EndGlobalSection
	GlobalSection(SolutionProperties) = preSolution
		HideSolutionNode = FALSE
	EndGlobalSection
	GlobalSection(ExtensibilityGlobals) = postSolution
		SolutionGuid = {5E4D66C7-05CE-48B3-8DFF-4A4C9F92F868}
	EndGlobalSection
EndGlobal
